
Microsoft Visual Studio Solution File, Format Version 12.00
# Visual Studio Version 16
VisualStudioVersion = 16.0.30330.147
MinimumVisualStudioVersion = 10.0.40219.1
Project("{FAE04EC0-301F-11D3-BF4B-00C04F79EFBC}") = "MHC_API", "MHC_API\MHC_API.csproj", "{6DBE0142-0086-4437-B6B2-16FFF6BC8821}"
EndProject
Project("{00D1A9C2-B5F0-4AF3-8072-F6C62B433612}") = "MHC_Database", "MHC_Database\MHC_Database.sqlproj", "{6576A9D2-5672-4E13-8AC8-A86AF3800C3D}"
EndProject
Global
	GlobalSection(SolutionConfigurationPlatforms) = preSolution
		Debug|Any CPU = Debug|Any CPU
		Release|Any CPU = Release|Any CPU
	EndGlobalSection
	GlobalSection(ProjectConfigurationPlatforms) = postSolution
		{6DBE0142-0086-4437-B6B2-16FFF6BC8821}.Debug|Any CPU.ActiveCfg = Debug|Any CPU
		{6DBE0142-0086-4437-B6B2-16FFF6BC8821}.Debug|Any CPU.Build.0 = Debug|Any CPU
		{6DBE0142-0086-4437-B6B2-16FFF6BC8821}.Release|Any CPU.ActiveCfg = Release|Any CPU
		{6DBE0142-0086-4437-B6B2-16FFF6BC8821}.Release|Any CPU.Build.0 = Release|Any CPU
		{6576A9D2-5672-4E13-8AC8-A86AF3800C3D}.Debug|Any CPU.ActiveCfg = Debug|Any CPU
		{6576A9D2-5672-4E13-8AC8-A86AF3800C3D}.Debug|Any CPU.Build.0 = Debug|Any CPU
		{6576A9D2-5672-4E13-8AC8-A86AF3800C3D}.Debug|Any CPU.Deploy.0 = Debug|Any CPU
		{6576A9D2-5672-4E13-8AC8-A86AF3800C3D}.Release|Any CPU.ActiveCfg = Release|Any CPU
		{6576A9D2-5672-4E13-8AC8-A86AF3800C3D}.Release|Any CPU.Build.0 = Release|Any CPU
		{6576A9D2-5672-4E13-8AC8-A86AF3800C3D}.Release|Any CPU.Deploy.0 = Release|Any CPU
	EndGlobalSection
	GlobalSection(SolutionProperties) = preSolution
		HideSolutionNode = FALSE
	EndGlobalSection
	GlobalSection(ExtensibilityGlobals) = postSolution
		SolutionGuid = {4337D5CB-A7A6-4C6A-8829-B5887FD198AE}
	EndGlobalSection
EndGlobal
